// !$*UTF8*$!
{
	archiveVersion = 1;
	classes = {
	};
	objectVersion = 56;
	objects = {

/* Begin PBXBuildFile section */
		83AB4B8D2B0DF1F1006D4C15 /* AppDelegate.m in Sources */ = {isa = PBXBuildFile; fileRef = 83AB4B8C2B0DF1F1006D4C15 /* AppDelegate.m */; };
		83AB4B902B0DF1F1006D4C15 /* SceneDelegate.m in Sources */ = {isa = PBXBuildFile; fileRef = 83AB4B8F2B0DF1F1006D4C15 /* SceneDelegate.m */; };
		83AB4B932B0DF1F1006D4C15 /* ViewController.m in Sources */ = {isa = PBXBuildFile; fileRef = 83AB4B922B0DF1F1006D4C15 /* ViewController.m */; };
		83AB4B962B0DF1F1006D4C15 /* Main.storyboard in Resources */ = {isa = PBXBuildFile; fileRef = 83AB4B942B0DF1F1006D4C15 /* Main.storyboard */; };
		83AB4B982B0DF1F4006D4C15 /* Assets.xcassets in Resources */ = {isa = PBXBuildFile; fileRef = 83AB4B972B0DF1F4006D4C15 /* Assets.xcassets */; };
		83AB4B9B2B0DF1F4006D4C15 /* LaunchScreen.storyboard in Resources */ = {isa = PBXBuildFile; fileRef = 83AB4B992B0DF1F4006D4C15 /* LaunchScreen.storyboard */; };
		83AB4B9E2B0DF1F4006D4C15 /* main.m in Sources */ = {isa = PBXBuildFile; fileRef = 83AB4B9D2B0DF1F4006D4C15 /* main.m */; };
		83AB4BA62B0DF20B006D4C15 /* Login.m in Sources */ = {isa = PBXBuildFile; fileRef = 83AB4BA52B0DF20B006D4C15 /* Login.m */; };
		83AB4BA92B0DF219006D4C15 /* Register.m in Sources */ = {isa = PBXBuildFile; fileRef = 83AB4BA82B0DF219006D4C15 /* Register.m */; };
		83AB4BB92B15BF97006D4C15 /* Util.m in Sources */ = {isa = PBXBuildFile; fileRef = 83AB4BB82B15BF97006D4C15 /* Util.m */; };
		83AB4BBC2B15C08D006D4C15 /* Tool.m in Sources */ = {isa = PBXBuildFile; fileRef = 83AB4BBB2B15C08D006D4C15 /* Tool.m */; };
/* End PBXBuildFile section */

/* Begin PBXFileReference section */
		83AB4B882B0DF1F1006D4C15 /* com.demo.user.aa.UnUseResourceDemo.app */ = {isa = PBXFileReference; explicitFileType = wrapper.application; includeInIndex = 0; path = com.demo.user.aa.UnUseResourceDemo.app; sourceTree = BUILT_PRODUCTS_DIR; };
		83AB4B8B2B0DF1F1006D4C15 /* AppDelegate.h */ = {isa = PBXFileReference; lastKnownFileType = sourcecode.c.h; path = AppDelegate.h; sourceTree = "<group>"; };
		83AB4B8C2B0DF1F1006D4C15 /* AppDelegate.m */ = {isa = PBXFileReference; lastKnownFileType = sourcecode.c.objc; path = AppDelegate.m; sourceTree = "<group>"; };
		83AB4B8E2B0DF1F1006D4C15 /* SceneDelegate.h */ = {isa = PBXFileReference; lastKnownFileType = sourcecode.c.h; path = SceneDelegate.h; sourceTree = "<group>"; };
		83AB4B8F2B0DF1F1006D4C15 /* SceneDelegate.m */ = {isa = PBXFileReference; lastKnownFileType = sourcecode.c.objc; path = SceneDelegate.m; sourceTree = "<group>"; };
		83AB4B912B0DF1F1006D4C15 /* ViewController.h */ = {isa = PBXFileReference; lastKnownFileType = sourcecode.c.h; path = ViewController.h; sourceTree = "<group>"; };
		83AB4B922B0DF1F1006D4C15 /* ViewController.m */ = {isa = PBXFileReference; lastKnownFileType = sourcecode.c.objc; path = ViewController.m; sourceTree = "<group>"; };
		83AB4B952B0DF1F1006D4C15 /* Base */ = {isa = PBXFileReference; lastKnownFileType = file.storyboard; name = Base; path = Base.lproj/Main.storyboard; sourceTree = "<group>"; };
		83AB4B972B0DF1F4006D4C15 /* Assets.xcassets */ = {isa = PBXFileReference; lastKnownFileType = folder.assetcatalog; path = Assets.xcassets; sourceTree = "<group>"; };
		83AB4B9A2B0DF1F4006D4C15 /* Base */ = {isa = PBXFileReference; lastKnownFileType = file.storyboard; name = Base; path = Base.lproj/LaunchScreen.storyboard; sourceTree = "<group>"; };
		83AB4B9C2B0DF1F4006D4C15 /* Info.plist */ = {isa = PBXFileReference; lastKnownFileType = text.plist.xml; path = Info.plist; sourceTree = "<group>"; };
		83AB4B9D2B0DF1F4006D4C15 /* main.m */ = {isa = PBXFileReference; lastKnownFileType = sourcecode.c.objc; path = main.m; sourceTree = "<group>"; };
		83AB4BA42B0DF20B006D4C15 /* Login.h */ = {isa = PBXFileReference; lastKnownFileType = sourcecode.c.h; path = Login.h; sourceTree = "<group>"; };
		83AB4BA52B0DF20B006D4C15 /* Login.m */ = {isa = PBXFileReference; lastKnownFileType = sourcecode.c.objc; path = Login.m; sourceTree = "<group>"; };
		83AB4BA72B0DF219006D4C15 /* Register.h */ = {isa = PBXFileReference; lastKnownFileType = sourcecode.c.h; path = Register.h; sourceTree = "<group>"; };
		83AB4BA82B0DF219006D4C15 /* Register.m */ = {isa = PBXFileReference; lastKnownFileType = sourcecode.c.objc; path = Register.m; sourceTree = "<group>"; };
		83AB4BB72B15BF97006D4C15 /* Util.h */ = {isa = PBXFileReference; lastKnownFileType = sourcecode.c.h; path = Util.h; sourceTree = "<group>"; };
		83AB4BB82B15BF97006D4C15 /* Util.m */ = {isa = PBXFileReference; lastKnownFileType = sourcecode.c.objc; path = Util.m; sourceTree = "<group>"; };
		83AB4BBA2B15C08D006D4C15 /* Tool.h */ = {isa = PBXFileReference; lastKnownFileType = sourcecode.c.h; path = Tool.h; sourceTree = "<group>"; };
		83AB4BBB2B15C08D006D4C15 /* Tool.m */ = {isa = PBXFileReference; lastKnownFileType = sourcecode.c.objc; path = Tool.m; sourceTree = "<group>"; };
/* End PBXFileReference section */

/* Begin PBXFrameworksBuildPhase section */
		83AB4B852B0DF1F1006D4C15 /* Frameworks */ = {
			isa = PBXFrameworksBuildPhase;
			buildActionMask = 2147483647;
			files = (
			);
			runOnlyForDeploymentPostprocessing = 0;
		};
/* End PBXFrameworksBuildPhase section */

/* Begin PBXGroup section */
		83AB4B7F2B0DF1F1006D4C15 = {
			isa = PBXGroup;
			children = (
				83AB4B8A2B0DF1F1006D4C15 /* com.demo.user.aa.UnUseResourceDemo */,
				83AB4B892B0DF1F1006D4C15 /* Products */,
			);
			sourceTree = "<group>";
		};
		83AB4B892B0DF1F1006D4C15 /* Products */ = {
			isa = PBXGroup;
			children = (
				83AB4B882B0DF1F1006D4C15 /* com.demo.user.aa.UnUseResourceDemo.app */,
			);
			name = Products;
			sourceTree = "<group>";
		};
		83AB4B8A2B0DF1F1006D4C15 /* com.demo.user.aa.UnUseResourceDemo */ = {
			isa = PBXGroup;
			children = (
				83AB4B8B2B0DF1F1006D4C15 /* AppDelegate.h */,
				83AB4B8C2B0DF1F1006D4C15 /* AppDelegate.m */,
				83AB4B8E2B0DF1F1006D4C15 /* SceneDelegate.h */,
				83AB4B8F2B0DF1F1006D4C15 /* SceneDelegate.m */,
				83AB4B912B0DF1F1006D4C15 /* ViewController.h */,
				83AB4B922B0DF1F1006D4C15 /* ViewController.m */,
				83AB4B942B0DF1F1006D4C15 /* Main.storyboard */,
				83AB4B972B0DF1F4006D4C15 /* Assets.xcassets */,
				83AB4B992B0DF1F4006D4C15 /* LaunchScreen.storyboard */,
				83AB4B9C2B0DF1F4006D4C15 /* Info.plist */,
				83AB4B9D2B0DF1F4006D4C15 /* main.m */,
				83AB4BA42B0DF20B006D4C15 /* Login.h */,
				83AB4BA52B0DF20B006D4C15 /* Login.m */,
				83AB4BA72B0DF219006D4C15 /* Register.h */,
				83AB4BA82B0DF219006D4C15 /* Register.m */,
				83AB4BB72B15BF97006D4C15 /* Util.h */,
				83AB4BB82B15BF97006D4C15 /* Util.m */,
				83AB4BBA2B15C08D006D4C15 /* Tool.h */,
				83AB4BBB2B15C08D006D4C15 /* Tool.m */,
			);
			path = com.demo.user.aa.UnUseResourceDemo;
			sourceTree = "<group>";
		};
/* End PBXGroup section */

/* Begin PBXNativeTarget section */
		83AB4B872B0DF1F1006D4C15 /* com.demo.user.aa.UnUseResourceDemo */ = {
			isa = PBXNativeTarget;
			buildConfigurationList = 83AB4BA12B0DF1F4006D4C15 /* Build configuration list for PBXNativeTarget "com.demo.user.aa.UnUseResourceDemo" */;
			buildPhases = (
				83AB4B842B0DF1F1006D4C15 /* Sources */,
				83AB4B852B0DF1F1006D4C15 /* Frameworks */,
				83AB4B862B0DF1F1006D4C15 /* Resources */,
			);
			buildRules = (
			);
			dependencies = (
			);
			name = com.demo.user.aa.UnUseResourceDemo;
			productName = com.demo.user.aa.UnUseResourceDemo;
			productReference = 83AB4B882B0DF1F1006D4C15 /* com.demo.user.aa.UnUseResourceDemo.app */;
			productType = "com.apple.product-type.application";
		};
/* End PBXNativeTarget section */

/* Begin PBXProject section */
		83AB4B802B0DF1F1006D4C15 /* Project object */ = {
			isa = PBXProject;
			attributes = {
				BuildIndependentTargetsInParallel = 1;
				LastUpgradeCheck = 1420;
				TargetAttributes = {
					83AB4B872B0DF1F1006D4C15 = {
						CreatedOnToolsVersion = 14.2;
					};
				};
			};
			buildConfigurationList = 83AB4B832B0DF1F1006D4C15 /* Build configuration list for PBXProject "com.demo.user.aa.UnUseResourceDemo" */;
			compatibilityVersion = "Xcode 14.0";
			developmentRegion = en;
			hasScannedForEncodings = 0;
			knownRegions = (
				en,
				Base,
			);
			mainGroup = 83AB4B7F2B0DF1F1006D4C15;
			productRefGroup = 83AB4B892B0DF1F1006D4C15 /* Products */;
			projectDirPath = "";
			projectRoot = "";
			targets = (
				83AB4B872B0DF1F1006D4C15 /* com.demo.user.aa.UnUseResourceDemo */,
			);
		};
/* End PBXProject section */

/* Begin PBXResourcesBuildPhase section */
		83AB4B862B0DF1F1006D4C15 /* Resources */ = {
			isa = PBXResourcesBuildPhase;
			buildActionMask = 2147483647;
			files = (
				83AB4B9B2B0DF1F4006D4C15 /* LaunchScreen.storyboard in Resources */,
				83AB4B982B0DF1F4006D4C15 /* Assets.xcassets in Resources */,
				83AB4B962B0DF1F1006D4C15 /* Main.storyboard in Resources */,
			);
			runOnlyForDeploymentPostprocessing = 0;
		};
/* End PBXResourcesBuildPhase section */

/* Begin PBXSourcesBuildPhase section */
		83AB4B842B0DF1F1006D4C15 /* Sources */ = {
			isa = PBXSourcesBuildPhase;
			buildActionMask = 2147483647;
			files = (
				83AB4BA62B0DF20B006D4C15 /* Login.m in Sources */,
				83AB4B932B0DF1F1006D4C15 /* ViewController.m in Sources */,
				83AB4BA92B0DF219006D4C15 /* Register.m in Sources */,
				83AB4B8D2B0DF1F1006D4C15 /* AppDelegate.m in Sources */,
				83AB4B9E2B0DF1F4006D4C15 /* main.m in Sources */,
				83AB4BB92B15BF97006D4C15 /* Util.m in Sources */,
				83AB4B902B0DF1F1006D4C15 /* SceneDelegate.m in Sources */,
				83AB4BBC2B15C08D006D4C15 /* Tool.m in Sources */,
			);
			runOnlyForDeploymentPostprocessing = 0;
		};
/* End PBXSourcesBuildPhase section */

/* Begin PBXVariantGroup section */
		83AB4B942B0DF1F1006D4C15 /* Main.storyboard */ = {
			isa = PBXVariantGroup;
			children = (
				83AB4B952B0DF1F1006D4C15 /* Base */,
			);
			name = Main.storyboard;
			sourceTree = "<group>";
		};
		83AB4B992B0DF1F4006D4C15 /* LaunchScreen.storyboard */ = {
			isa = PBXVariantGroup;
			children = (
				83AB4B9A2B0DF1F4006D4C15 /* Base */,
			);
			name = LaunchScreen.storyboard;
			sourceTree = "<group>";
		};
/* End PBXVariantGroup section */

/* Begin XCBuildConfiguration section */
		83AB4B9F2B0DF1F4006D4C15 /* Debug */ = {
			isa = XCBuildConfiguration;
			buildSettings = {
				ALWAYS_SEARCH_USER_PATHS = NO;
				CLANG_ANALYZER_NONNULL = YES;
				CLANG_ANALYZER_NUMBER_OBJECT_CONVERSION = YES_AGGRESSIVE;
				CLANG_CXX_LANGUAGE_STANDARD = "gnu++20";
				CLANG_ENABLE_MODULES = YES;
				CLANG_ENABLE_OBJC_ARC = YES;
				CLANG_ENABLE_OBJC_WEAK = YES;
				CLANG_WARN_BLOCK_CAPTURE_AUTORELEASING = YES;
				CLANG_WARN_BOOL_CONVERSION = YES;
				CLANG_WARN_COMMA = YES;
				CLANG_WARN_CONSTANT_CONVERSION = YES;
				CLANG_WARN_DEPRECATED_OBJC_IMPLEMENTATIONS = YES;
				CLANG_WARN_DIRECT_OBJC_ISA_USAGE = YES_ERROR;
				CLANG_WARN_DOCUMENTATION_COMMENTS = YES;
				CLANG_WARN_EMPTY_BODY = YES;
				CLANG_WARN_ENUM_CONVERSION = YES;
				CLANG_WARN_INFINITE_RECURSION = YES;
				CLANG_WARN_INT_CONVERSION = YES;
				CLANG_WARN_NON_LITERAL_NULL_CONVERSION = YES;
				CLANG_WARN_OBJC_IMPLICIT_RETAIN_SELF = YES;
				CLANG_WARN_OBJC_LITERAL_CONVERSION = YES;
				CLANG_WARN_OBJC_ROOT_CLASS = YES_ERROR;
				CLANG_WARN_QUOTED_INCLUDE_IN_FRAMEWORK_HEADER = YES;
				CLANG_WARN_RANGE_LOOP_ANALYSIS = YES;
				CLANG_WARN_STRICT_PROTOTYPES = YES;
				CLANG_WARN_SUSPICIOUS_MOVE = YES;
				CLANG_WARN_UNGUARDED_AVAILABILITY = YES_AGGRESSIVE;
				CLANG_WARN_UNREACHABLE_CODE = YES;
				CLANG_WARN__DUPLICATE_METHOD_MATCH = YES;
				COPY_PHASE_STRIP = NO;
				DEBUG_INFORMATION_FORMAT = dwarf;
				ENABLE_STRICT_OBJC_MSGSEND = YES;
				ENABLE_TESTABILITY = YES;
				GCC_C_LANGUAGE_STANDARD = gnu11;
				GCC_DYNAMIC_NO_PIC = NO;
				GCC_NO_COMMON_BLOCKS = YES;
				GCC_OPTIMIZATION_LEVEL = 0;
				GCC_PREPROCESSOR_DEFINITIONS = (
					"DEBUG=1",
					"$(inherited)",
				);
				GCC_WARN_64_TO_32_BIT_CONVERSION = YES;
				GCC_WARN_ABOUT_RETURN_TYPE = YES_ERROR;
				GCC_WARN_UNDECLARED_SELECTOR = YES;
				GCC_WARN_UNINITIALIZED_AUTOS = YES_AGGRESSIVE;
				GCC_WARN_UNUSED_FUNCTION = YES;
				GCC_WARN_UNUSED_VARIABLE = YES;
				IPHONEOS_DEPLOYMENT_TARGET = 16.2;
				MTL_ENABLE_DEBUG_INFO = INCLUDE_SOURCE;
				MTL_FAST_MATH = YES;
				ONLY_ACTIVE_ARCH = YES;
				SDKROOT = iphoneos;
			};
			name = Debug;
		};
		83AB4BA02B0DF1F4006D4C15 /* Release */ = {
			isa = XCBuildConfiguration;
			buildSettings = {
				ALWAYS_SEARCH_USER_PATHS = NO;
				CLANG_ANALYZER_NONNULL = YES;
				CLANG_ANALYZER_NUMBER_OBJECT_CONVERSION = YES_AGGRESSIVE;
				CLANG_CXX_LANGUAGE_STANDARD = "gnu++20";
				CLANG_ENABLE_MODULES = YES;
				CLANG_ENABLE_OBJC_ARC = YES;
				CLANG_ENABLE_OBJC_WEAK = YES;
				CLANG_WARN_BLOCK_CAPTURE_AUTORELEASING = YES;
				CLANG_WARN_BOOL_CONVERSION = YES;
				CLANG_WARN_COMMA = YES;
				CLANG_WARN_CONSTANT_CONVERSION = YES;
				CLANG_WARN_DEPRECATED_OBJC_IMPLEMENTATIONS = YES;
				CLANG_WARN_DIRECT_OBJC_ISA_USAGE = YES_ERROR;
				CLANG_WARN_DOCUMENTATION_COMMENTS = YES;
				CLANG_WARN_EMPTY_BODY = YES;
				CLANG_WARN_ENUM_CONVERSION = YES;
				CLANG_WARN_INFINITE_RECURSION = YES;
				CLANG_WARN_INT_CONVERSION = YES;
				CLANG_WARN_NON_LITERAL_NULL_CONVERSION = YES;
				CLANG_WARN_OBJC_IMPLICIT_RETAIN_SELF = YES;
				CLANG_WARN_OBJC_LITERAL_CONVERSION = YES;
				CLANG_WARN_OBJC_ROOT_CLASS = YES_ERROR;
				CLANG_WARN_QUOTED_INCLUDE_IN_FRAMEWORK_HEADER = YES;
				CLANG_WARN_RANGE_LOOP_ANALYSIS = YES;
				CLANG_WARN_STRICT_PROTOTYPES = YES;
				CLANG_WARN_SUSPICIOUS_MOVE = YES;
				CLANG_WARN_UNGUARDED_AVAILABILITY = YES_AGGRESSIVE;
				CLANG_WARN_UNREACHABLE_CODE = YES;
				CLANG_WARN__DUPLICATE_METHOD_MATCH = YES;
				COPY_PHASE_STRIP = NO;
				DEBUG_INFORMATION_FORMAT = "dwarf-with-dsym";
				ENABLE_NS_ASSERTIONS = NO;
				ENABLE_STRICT_OBJC_MSGSEND = YES;
				GCC_C_LANGUAGE_STANDARD = gnu11;
				GCC_NO_COMMON_BLOCKS = YES;
				GCC_WARN_64_TO_32_BIT_CONVERSION = YES;
				GCC_WARN_ABOUT_RETURN_TYPE = YES_ERROR;
				GCC_WARN_UNDECLARED_SELECTOR = YES;
				GCC_WARN_UNINITIALIZED_AUTOS = YES_AGGRESSIVE;
				GCC_WARN_UNUSED_FUNCTION = YES;
				GCC_WARN_UNUSED_VARIABLE = YES;
				IPHONEOS_DEPLOYMENT_TARGET = 16.2;
				MTL_ENABLE_DEBUG_INFO = NO;
				MTL_FAST_MATH = YES;
				SDKROOT = iphoneos;
				VALIDATE_PRODUCT = YES;
			};
			name = Release;
		};
		83AB4BA22B0DF1F4006D4C15 /* Debug */ = {
			isa = XCBuildConfiguration;
			buildSettings = {
				ASSETCATALOG_COMPILER_APPICON_NAME = AppIcon;
				ASSETCATALOG_COMPILER_GLOBAL_ACCENT_COLOR_NAME = AccentColor;
				CODE_SIGN_STYLE = Automatic;
				CURRENT_PROJECT_VERSION = 1;
				DEVELOPMENT_TEAM = 7VXQMC9J56;
				GENERATE_INFOPLIST_FILE = YES;
				INFOPLIST_FILE = com.demo.user.aa.UnUseResourceDemo/Info.plist;
				INFOPLIST_KEY_UIApplicationSupportsIndirectInputEvents = YES;
				INFOPLIST_KEY_UILaunchStoryboardName = LaunchScreen;
				INFOPLIST_KEY_UIMainStoryboardFile = Main;
				INFOPLIST_KEY_UISupportedInterfaceOrientations_iPad = "UIInterfaceOrientationPortrait UIInterfaceOrientationPortraitUpsideDown UIInterfaceOrientationLandscapeLeft UIInterfaceOrientationLandscapeRight";
				INFOPLIST_KEY_UISupportedInterfaceOrientations_iPhone = "UIInterfaceOrientationPortrait UIInterfaceOrientationLandscapeLeft UIInterfaceOrientationLandscapeRight";
				IPHONEOS_DEPLOYMENT_TARGET = 13.0;
				LD_GENERATE_MAP_FILE = YES;
				LD_MAP_FILE_PATH = /Users/gegaozhao/Desktop/person/test.txt;
				LD_RUNPATH_SEARCH_PATHS = (
					"$(inherited)",
					"@executable_path/Frameworks",
				);
				MARKETING_VERSION = 1.0;
				ORDER_FILE = "/Users/gegaozhao/Desktop/person/Person-Project/UnuseResourceTool/com.demo.user.aa.UnUseResourceDemo/lb.order";
				OTHER_CFLAGS = (
					"-fsanitize-coverage=trace-pc-guard",
					"-fsanitize-coverage=func,trace-pc-guard",
				);
				PRODUCT_BUNDLE_IDENTIFIER = "com.demo.user.aa.UnUseResourceDemo.com-demo-user-aa-UnUseResourceDemo";
				PRODUCT_NAME = "$(TARGET_NAME)";
				SWIFT_EMIT_LOC_STRINGS = YES;
				TARGETED_DEVICE_FAMILY = "1,2";
			};
			name = Debug;
		};
		83AB4BA32B0DF1F4006D4C15 /* Release */ = {
			isa = XCBuildConfiguration;
			buildSettings = {
				ASSETCATALOG_COMPILER_APPICON_NAME = AppIcon;
				ASSETCATALOG_COMPILER_GLOBAL_ACCENT_COLOR_NAME = AccentColor;
				CODE_SIGN_STYLE = Automatic;
				CURRENT_PROJECT_VERSION = 1;
				DEVELOPMENT_TEAM = 7VXQMC9J56;
				GENERATE_INFOPLIST_FILE = YES;
				INFOPLIST_FILE = com.demo.user.aa.UnUseResourceDemo/Info.plist;
				INFOPLIST_KEY_UIApplicationSupportsIndirectInputEvents = YES;
				INFOPLIST_KEY_UILaunchStoryboardName = LaunchScreen;
				INFOPLIST_KEY_UIMainStoryboardFile = Main;
				INFOPLIST_KEY_UISupportedInterfaceOrientations_iPad = "UIInterfaceOrientationPortrait UIInterfaceOrientationPortraitUpsideDown UIInterfaceOrientationLandscapeLeft UIInterfaceOrientationLandscapeRight";
				INFOPLIST_KEY_UISupportedInterfaceOrientations_iPhone = "UIInterfaceOrientationPortrait UIInterfaceOrientationLandscapeLeft UIInterfaceOrientationLandscapeRight";
				IPHONEOS_DEPLOYMENT_TARGET = 13.0;
				LD_GENERATE_MAP_FILE = YES;
				LD_MAP_FILE_PATH = /Users/gegaozhao/Desktop/person/test.txt;
				LD_RUNPATH_SEARCH_PATHS = (
					"$(inherited)",
					"@executable_path/Frameworks",
				);
				MARKETING_VERSION = 1.0;
				ORDER_FILE = "/Users/gegaozhao/Desktop/person/Person-Project/UnuseResourceTool/com.demo.user.aa.UnUseResourceDemo/lb.order";
				OTHER_CFLAGS = (
					"-fsanitize-coverage=trace-pc-guard",
					"-fsanitize-coverage=func,trace-pc-guard",
				);
				PRODUCT_BUNDLE_IDENTIFIER = "com.demo.user.aa.UnUseResourceDemo.com-demo-user-aa-UnUseResourceDemo";
				PRODUCT_NAME = "$(TARGET_NAME)";
				SWIFT_EMIT_LOC_STRINGS = YES;
				TARGETED_DEVICE_FAMILY = "1,2";
			};
			name = Release;
		};
/* End XCBuildConfiguration section */

/* Begin XCConfigurationList section */
		83AB4B832B0DF1F1006D4C15 /* Build configuration list for PBXProject "com.demo.user.aa.UnUseResourceDemo" */ = {
			isa = XCConfigurationList;
			buildConfigurations = (
				83AB4B9F2B0DF1F4006D4C15 /* Debug */,
				83AB4BA02B0DF1F4006D4C15 /* Release */,
			);
			defaultConfigurationIsVisible = 0;
			defaultConfigurationName = Release;
		};
		83AB4BA12B0DF1F4006D4C15 /* Build configuration list for PBXNativeTarget "com.demo.user.aa.UnUseResourceDemo" */ = {
			isa = XCConfigurationList;
			buildConfigurations = (
				83AB4BA22B0DF1F4006D4C15 /* Debug */,
				83AB4BA32B0DF1F4006D4C15 /* Release */,
			);
			defaultConfigurationIsVisible = 0;
			defaultConfigurationName = Release;
		};
/* End XCConfigurationList section */
	};
	rootObject = 83AB4B802B0DF1F1006D4C15 /* Project object */;
}
